
Microsoft Visual Studio Solution File, Format Version 12.00
# Visual Studio Version 17
VisualStudioVersion = 17.6.33829.357
MinimumVisualStudioVersion = 10.0.40219.1
Project("{9A19103F-16F7-4668-BE54-9A1E7A4F7556}") = "InvestigationClearance", "InvestigationClearance\InvestigationClearance.csproj", "{A155EE9B-9C20-419D-977E-12EC6B8B5EFE}"
EndProject
Project("{FAE04EC0-301F-11D3-BF4B-00C04F79EFBC}") = "WebAPI", "WebAPI\WebAPI.csproj", "{5FF11A9F-68FE-4710-939B-2CF0CE3D72E7}"
EndProject
Global
	GlobalSection(SolutionConfigurationPlatforms) = preSolution
		Debug|Any CPU = Debug|Any CPU
		Release|Any CPU = Release|Any CPU
	EndGlobalSection
	GlobalSection(ProjectConfigurationPlatforms) = postSolution
		{A155EE9B-9C20-419D-977E-12EC6B8B5EFE}.Debug|Any CPU.ActiveCfg = Debug|Any CPU
		{A155EE9B-9C20-419D-977E-12EC6B8B5EFE}.Debug|Any CPU.Build.0 = Debug|Any CPU
		{A155EE9B-9C20-419D-977E-12EC6B8B5EFE}.Release|Any CPU.ActiveCfg = Release|Any CPU
		{A155EE9B-9C20-419D-977E-12EC6B8B5EFE}.Release|Any CPU.Build.0 = Release|Any CPU
		{5FF11A9F-68FE-4710-939B-2CF0CE3D72E7}.Debug|Any CPU.ActiveCfg = Debug|Any CPU
		{5FF11A9F-68FE-4710-939B-2CF0CE3D72E7}.Debug|Any CPU.Build.0 = Debug|Any CPU
		{5FF11A9F-68FE-4710-939B-2CF0CE3D72E7}.Release|Any CPU.ActiveCfg = Release|Any CPU
		{5FF11A9F-68FE-4710-939B-2CF0CE3D72E7}.Release|Any CPU.Build.0 = Release|Any CPU
	EndGlobalSection
	GlobalSection(SolutionProperties) = preSolution
		HideSolutionNode = FALSE
	EndGlobalSection
	GlobalSection(ExtensibilityGlobals) = postSolution
		SolutionGuid = {16A054B6-6884-4099-9022-3F8B5F2942B1}
	EndGlobalSection
EndGlobal
